<?xml version="1.0" encoding="utf-8"?>
<Project ToolsVersion="4.0" xmlns="http://schemas.microsoft.com/developer/msbuild/2003">
  <ItemGroup>
    <Filter Include="Source Files">
      <UniqueIdentifier>{4FC737F1-C7A5-4376-A066-2A32D752A2FF}</UniqueIdentifier>
      <Extensions>cpp;c;cc;cxx;c++;cppm;ixx;def;odl;idl;hpj;bat;asm;asmx</Extensions>
    </Filter>
    <Filter Include="Header Files">
      <UniqueIdentifier>{93995380-89BD-4b04-88EB-625FBE52EBFB}</UniqueIdentifier>
      <Extensions>h;hh;hpp;hxx;h++;hm;inl;inc;ipp;xsd</Extensions>
    </Filter>
    <Filter Include="Resource Files">
      <UniqueIdentifier>{67DA6AB6-F800-4c08-8B7A-83BB121AAD01}</UniqueIdentifier>
      <Extensions>rc;ico;cur;bmp;dlg;rc2;rct;bin;rgs;gif;jpg;jpeg;jpe;resx;tiff;tif;png;wav;mfcribbon-ms</Extensions>
    </Filter>
    <Filter Include="Filters">
      <UniqueIdentifier>{8f4fc18f-a5c2-4d89-90dd-1e4ccef70c0a}</UniqueIdentifier>
    </Filter>
    <Filter Include="Filters\Sources">
      <UniqueIdentifier>{94805cb4-9150-4bdb-815f-bdd7ac4def1e}</UniqueIdentifier>
    </Filter>
    <Filter Include="Filters\Headers">
      <UniqueIdentifier>{1e697a23-0be6-4594-b9b4-d99af51db589}</UniqueIdentifier>
    </Filter>
  </ItemGroup>
  <ItemGroup>
    <ClInclude Include="framework.h">
      <Filter>Header Files</Filter>
    </ClInclude>
    <ClInclude Include="pch.h">
      <Filter>Header Files</Filter>
    </ClInclude>
    <ClInclude Include="libdefine.h">
      <Filter>Header Files</Filter>
    </ClInclude>
    <ClInclude Include="ImagesProcessor.h">
      <Filter>Header Files</Filter>
    </ClInclude>
    <ClInclude Include="Logger.h">
      <Filter>Header Files</Filter>
    </ClInclude>
    <ClInclude Include="ImageData.h">
      <Filter>Header Files</Filter>
    </ClInclude>
    <ClInclude Include="stb_image_implementation.h">
      <Filter>Header Files</Filter>
    </ClInclude>
    <ClInclude Include="EAllowedExtensions.h">
      <Filter>Header Files</Filter>
    </ClInclude>
    <ClInclude Include="BlurFilter.h">
      <Filter>Filters\Headers</Filter>
    </ClInclude>
    <ClInclude Include="CannyFilter.h">
      <Filter>Filters\Headers</Filter>
    </ClInclude>
    <ClInclude Include="EDefinedFilters.h">
      <Filter>Filters\Headers</Filter>
    </ClInclude>
    <ClInclude Include="FilterFactory.h">
      <Filter>Filters\Headers</Filter>
    </ClInclude>
    <ClInclude Include="GrayscaleFilter.h">
      <Filter>Filters\Headers</Filter>
    </ClInclude>
    <ClInclude Include="IFilter.h">
      <Filter>Filters\Headers</Filter>
    </ClInclude>
    <ClInclude Include="InvertFilter.h">
      <Filter>Filters\Headers</Filter>
    </ClInclude>
    <ClInclude Include="SobelFilter.h">
      <Filter>Filters\Headers</Filter>
    </ClInclude>
    <ClInclude Include="FlipHorizontalFilter.h">
      <Filter>Filters\Headers</Filter>
    </ClInclude>
    <ClInclude Include="FlipVerticalFilter.h">
      <Filter>Filters\Headers</Filter>
    </ClInclude>
    <ClInclude Include="AllFilters.h">
      <Filter>Filters\Headers</Filter>
    </ClInclude>
    <ClInclude Include="SepiaFilter.h">
      <Filter>Filters\Headers</Filter>
    </ClInclude>
    <ClInclude Include="KaleidoscopeFilter.h">
      <Filter>Filters\Headers</Filter>
    </ClInclude>
    <ClInclude Include="OilPaintFilter.h">
      <Filter>Filters\Headers</Filter>
    </ClInclude>
    <ClInclude Include="MosaicFilter.h">
      <Filter>Filters\Headers</Filter>
    </ClInclude>
    <ClInclude Include="GlitchFilter.h">
      <Filter>Filters\Headers</Filter>
    </ClInclude>
    <ClInclude Include="Helpers.h">
      <Filter>Header Files</Filter>
    </ClInclude>
  </ItemGroup>
  <ItemGroup>
    <ClCompile Include="dllmain.cpp">
      <Filter>Source Files</Filter>
    </ClCompile>
    <ClCompile Include="pch.cpp">
      <Filter>Source Files</Filter>
    </ClCompile>
    <ClCompile Include="ImagesProcessor.cpp">
      <Filter>Source Files</Filter>
    </ClCompile>
    <ClCompile Include="Logger.cpp">
      <Filter>Source Files</Filter>
    </ClCompile>
    <ClCompile Include="ImageData.cpp">
      <Filter>Source Files</Filter>
    </ClCompile>
    <ClCompile Include="stb_image_implementation.cpp">
      <Filter>Source Files</Filter>
    </ClCompile>
    <ClCompile Include="BlurFilter.cpp">
      <Filter>Filters\Sources</Filter>
    </ClCompile>
    <ClCompile Include="CannyFilter.cpp">
      <Filter>Filters\Sources</Filter>
    </ClCompile>
    <ClCompile Include="FilterFactory.cpp">
      <Filter>Filters\Sources</Filter>
    </ClCompile>
    <ClCompile Include="GrayscaleFilter.cpp">
      <Filter>Filters\Sources</Filter>
    </ClCompile>
    <ClCompile Include="InvertFilter.cpp">
      <Filter>Filters\Sources</Filter>
    </ClCompile>
    <ClCompile Include="SobelFilter.cpp">
      <Filter>Filters\Sources</Filter>
    </ClCompile>
    <ClCompile Include="FlipHorizontalFilter.cpp">
      <Filter>Filters\Sources</Filter>
    </ClCompile>
    <ClCompile Include="FlipVerticalFilter.cpp">
      <Filter>Filters\Sources</Filter>
    </ClCompile>
    <ClCompile Include="SepiaFilter.cpp">
      <Filter>Filters\Sources</Filter>
    </ClCompile>
    <ClCompile Include="KaleidoscopeFilter.cpp">
      <Filter>Filters\Sources</Filter>
    </ClCompile>
    <ClCompile Include="OilPaintFilter.cpp">
      <Filter>Filters\Sources</Filter>
    </ClCompile>
    <ClCompile Include="MosaicFilter.cpp">
      <Filter>Filters\Sources</Filter>
    </ClCompile>
    <ClCompile Include="GlitchFilter.cpp">
      <Filter>Filters\Sources</Filter>
    </ClCompile>
    <ClCompile Include="Helpers.cpp">
      <Filter>Source Files</Filter>
    </ClCompile>
  </ItemGroup>
  <ItemGroup>
    <None Include="cpp.hint" />
  </ItemGroup>
</Project>