
Microsoft Visual Studio Solution File, Format Version 12.00
# Visual Studio Version 17
VisualStudioVersion = 17.12.35527.113 d17.12
MinimumVisualStudioVersion = 10.0.40219.1
Project("{8BC9CEB8-8B4A-11D0-8D11-00A0C91BC942}") = "ImagesProcessor", "ImagesProcessor\ImagesProcessor.vcxproj", "{AAA70945-028C-464D-B5FA-FDF362E79BDC}"
EndProject
Global
	GlobalSection(SolutionConfigurationPlatforms) = preSolution
		Debug|x64 = Debug|x64
		Debug|x86 = Debug|x86
		Release|x64 = Release|x64
		Release|x86 = Release|x86
	EndGlobalSection
	GlobalSection(ProjectConfigurationPlatforms) = postSolution
		{AAA70945-028C-464D-B5FA-FDF362E79BDC}.Debug|x64.ActiveCfg = Debug|x64
		{AAA70945-028C-464D-B5FA-FDF362E79BDC}.Debug|x64.Build.0 = Debug|x64
		{AAA70945-028C-464D-B5FA-FDF362E79BDC}.Debug|x86.ActiveCfg = Debug|Win32
		{AAA70945-028C-464D-B5FA-FDF362E79BDC}.Debug|x86.Build.0 = Debug|Win32
		{AAA70945-028C-464D-B5FA-FDF362E79BDC}.Release|x64.ActiveCfg = Release|x64
		{AAA70945-028C-464D-B5FA-FDF362E79BDC}.Release|x64.Build.0 = Release|x64
		{AAA70945-028C-464D-B5FA-FDF362E79BDC}.Release|x86.ActiveCfg = Release|Win32
		{AAA70945-028C-464D-B5FA-FDF362E79BDC}.Release|x86.Build.0 = Release|Win32
	EndGlobalSection
	GlobalSection(SolutionProperties) = preSolution
		HideSolutionNode = FALSE
	EndGlobalSection
EndGlobal
